
Microsoft Visual Studio Solution File, Format Version 10.00
# Visual Studio 2008
Project("{8BC9CEB8-8B4A-11D0-8D11-00A0C91BC942}") = "huff_run", "huff_run\huff_run.vcproj", "{AED677DE-3B20-4D84-BB2D-0CB09F7BF72A}"
EndProject
Project("{8BC9CEB8-8B4A-11D0-8D11-00A0C91BC942}") = "Huff_code", "Huff_code\Huff_code.vcproj", "{8E584C7A-1E8D-4252-A381-1A75A14B5E3E}"
EndProject
Project("{8BC9CEB8-8B4A-11D0-8D11-00A0C91BC942}") = "DPCM", "DPCM\DPCM.vcproj", "{DC1183A3-4791-4E5C-B28E-B12A320D5577}"
EndProject
Project("{8BC9CEB8-8B4A-11D0-8D11-00A0C91BC942}") = "DPCM_decode", "DPCM_decode\DPCM_decode.vcproj", "{367908F5-B241-45DF-BC64-4C96403EE9E0}"
EndProject
Project("{8BC9CEB8-8B4A-11D0-8D11-00A0C91BC942}") = "jpeg_foremost", "jpeg_foremost\jpeg_foremost.vcproj", "{69D3CEFC-AD37-444B-A6AD-3E73DAEE840A}"
EndProject
Project("{2150E333-8FDC-42A3-9474-1A3956D46DE8}") = "Solution Items", "Solution Items", "{3204A59C-92E2-4F52-9845-BDA2FABA7013}"
	ProjectSection(SolutionItems) = preProject
		.gitignore = .gitignore
		README.md = README.md
	EndProjectSection
EndProject
Global
	GlobalSection(SolutionConfigurationPlatforms) = preSolution
		Debug|Win32 = Debug|Win32
		Release|Win32 = Release|Win32
	EndGlobalSection
	GlobalSection(ProjectConfigurationPlatforms) = postSolution
		{AED677DE-3B20-4D84-BB2D-0CB09F7BF72A}.Debug|Win32.ActiveCfg = Debug|Win32
		{AED677DE-3B20-4D84-BB2D-0CB09F7BF72A}.Debug|Win32.Build.0 = Debug|Win32
		{AED677DE-3B20-4D84-BB2D-0CB09F7BF72A}.Release|Win32.ActiveCfg = Release|Win32
		{AED677DE-3B20-4D84-BB2D-0CB09F7BF72A}.Release|Win32.Build.0 = Release|Win32
		{8E584C7A-1E8D-4252-A381-1A75A14B5E3E}.Debug|Win32.ActiveCfg = Debug|Win32
		{8E584C7A-1E8D-4252-A381-1A75A14B5E3E}.Debug|Win32.Build.0 = Debug|Win32
		{8E584C7A-1E8D-4252-A381-1A75A14B5E3E}.Release|Win32.ActiveCfg = Release|Win32
		{8E584C7A-1E8D-4252-A381-1A75A14B5E3E}.Release|Win32.Build.0 = Release|Win32
		{DC1183A3-4791-4E5C-B28E-B12A320D5577}.Debug|Win32.ActiveCfg = Debug|Win32
		{DC1183A3-4791-4E5C-B28E-B12A320D5577}.Debug|Win32.Build.0 = Debug|Win32
		{DC1183A3-4791-4E5C-B28E-B12A320D5577}.Release|Win32.ActiveCfg = Release|Win32
		{DC1183A3-4791-4E5C-B28E-B12A320D5577}.Release|Win32.Build.0 = Release|Win32
		{367908F5-B241-45DF-BC64-4C96403EE9E0}.Debug|Win32.ActiveCfg = Debug|Win32
		{367908F5-B241-45DF-BC64-4C96403EE9E0}.Debug|Win32.Build.0 = Debug|Win32
		{367908F5-B241-45DF-BC64-4C96403EE9E0}.Release|Win32.ActiveCfg = Release|Win32
		{367908F5-B241-45DF-BC64-4C96403EE9E0}.Release|Win32.Build.0 = Release|Win32
		{69D3CEFC-AD37-444B-A6AD-3E73DAEE840A}.Debug|Win32.ActiveCfg = Debug|Win32
		{69D3CEFC-AD37-444B-A6AD-3E73DAEE840A}.Debug|Win32.Build.0 = Debug|Win32
		{69D3CEFC-AD37-444B-A6AD-3E73DAEE840A}.Release|Win32.ActiveCfg = Release|Win32
		{69D3CEFC-AD37-444B-A6AD-3E73DAEE840A}.Release|Win32.Build.0 = Release|Win32
	EndGlobalSection
	GlobalSection(SolutionProperties) = preSolution
		HideSolutionNode = FALSE
	EndGlobalSection
EndGlobal
